
Microsoft Visual Studio Solution File, Format Version 12.00
# Visual Studio Version 16
VisualStudioVersion = 16.0.31005.135
MinimumVisualStudioVersion = 10.0.40219.1
Project("{9A19103F-16F7-4668-BE54-9A1E7A4F7556}") = "Libra.Core", "Libra.Core\Libra.Core.csproj", "{8436A8B0-F84F-431A-BF19-DF33460E3316}"
EndProject
Project("{FAE04EC0-301F-11D3-BF4B-00C04F79EFBC}") = "Libra.Client", "Libra.Client\Libra.Client.csproj", "{EB67A159-085B-4FB7-A1FA-AAC53AE9A2EE}"
EndProject
Project("{FAE04EC0-301F-11D3-BF4B-00C04F79EFBC}") = "Libra.Server", "Libra.Server\Libra.Server.csproj", "{E9A1485A-5428-49B0-A33F-8E3624316675}"
EndProject
Global
	GlobalSection(SolutionConfigurationPlatforms) = preSolution
		Debug|Any CPU = Debug|Any CPU
		Release|Any CPU = Release|Any CPU
	EndGlobalSection
	GlobalSection(ProjectConfigurationPlatforms) = postSolution
		{8436A8B0-F84F-431A-BF19-DF33460E3316}.Debug|Any CPU.ActiveCfg = Debug|Any CPU
		{8436A8B0-F84F-431A-BF19-DF33460E3316}.Debug|Any CPU.Build.0 = Debug|Any CPU
		{8436A8B0-F84F-431A-BF19-DF33460E3316}.Release|Any CPU.ActiveCfg = Release|Any CPU
		{8436A8B0-F84F-431A-BF19-DF33460E3316}.Release|Any CPU.Build.0 = Release|Any CPU
		{EB67A159-085B-4FB7-A1FA-AAC53AE9A2EE}.Debug|Any CPU.ActiveCfg = Debug|Any CPU
		{EB67A159-085B-4FB7-A1FA-AAC53AE9A2EE}.Debug|Any CPU.Build.0 = Debug|Any CPU
		{EB67A159-085B-4FB7-A1FA-AAC53AE9A2EE}.Release|Any CPU.ActiveCfg = Release|Any CPU
		{EB67A159-085B-4FB7-A1FA-AAC53AE9A2EE}.Release|Any CPU.Build.0 = Release|Any CPU
		{E9A1485A-5428-49B0-A33F-8E3624316675}.Debug|Any CPU.ActiveCfg = Debug|Any CPU
		{E9A1485A-5428-49B0-A33F-8E3624316675}.Debug|Any CPU.Build.0 = Debug|Any CPU
		{E9A1485A-5428-49B0-A33F-8E3624316675}.Release|Any CPU.ActiveCfg = Release|Any CPU
		{E9A1485A-5428-49B0-A33F-8E3624316675}.Release|Any CPU.Build.0 = Release|Any CPU
	EndGlobalSection
	GlobalSection(SolutionProperties) = preSolution
		HideSolutionNode = FALSE
	EndGlobalSection
	GlobalSection(ExtensibilityGlobals) = postSolution
		SolutionGuid = {B77261B2-9CCD-4367-8D04-DF81B7328BA5}
	EndGlobalSection
EndGlobal
